
Microsoft Visual Studio Solution File, Format Version 12.00
# Visual Studio 15
VisualStudioVersion = 15.0.26124.0
MinimumVisualStudioVersion = 15.0.26124.0
Project("{FAE04EC0-301F-11D3-BF4B-00C04F79EFBC}") = "dotnet-core-elasticsearch.Application", "dotnet-core-elasticsearch\dotnet-core-elasticsearch.Application\dotnet-core-elasticsearch.Application.csproj", "{241BC6B3-5A0D-4AAB-A16E-05E828941B3B}"
EndProject
Project("{FAE04EC0-301F-11D3-BF4B-00C04F79EFBC}") = "dotnet-core-elasticsearch.Domain", "dotnet-core-elasticsearch\dotnet-core-elasticsearch.Domain\dotnet-core-elasticsearch.Domain.csproj", "{87C3CE1F-7C51-4197-B83F-C2620046FBE6}"
EndProject
Global
	GlobalSection(SolutionConfigurationPlatforms) = preSolution
		Debug|Any CPU = Debug|Any CPU
		Debug|x64 = Debug|x64
		Debug|x86 = Debug|x86
		Release|Any CPU = Release|Any CPU
		Release|x64 = Release|x64
		Release|x86 = Release|x86
	EndGlobalSection
	GlobalSection(SolutionProperties) = preSolution
		HideSolutionNode = FALSE
	EndGlobalSection
	GlobalSection(ProjectConfigurationPlatforms) = postSolution
		{241BC6B3-5A0D-4AAB-A16E-05E828941B3B}.Debug|Any CPU.ActiveCfg = Debug|Any CPU
		{241BC6B3-5A0D-4AAB-A16E-05E828941B3B}.Debug|Any CPU.Build.0 = Debug|Any CPU
		{241BC6B3-5A0D-4AAB-A16E-05E828941B3B}.Debug|x64.ActiveCfg = Debug|Any CPU
		{241BC6B3-5A0D-4AAB-A16E-05E828941B3B}.Debug|x64.Build.0 = Debug|Any CPU
		{241BC6B3-5A0D-4AAB-A16E-05E828941B3B}.Debug|x86.ActiveCfg = Debug|Any CPU
		{241BC6B3-5A0D-4AAB-A16E-05E828941B3B}.Debug|x86.Build.0 = Debug|Any CPU
		{241BC6B3-5A0D-4AAB-A16E-05E828941B3B}.Release|Any CPU.ActiveCfg = Release|Any CPU
		{241BC6B3-5A0D-4AAB-A16E-05E828941B3B}.Release|Any CPU.Build.0 = Release|Any CPU
		{241BC6B3-5A0D-4AAB-A16E-05E828941B3B}.Release|x64.ActiveCfg = Release|Any CPU
		{241BC6B3-5A0D-4AAB-A16E-05E828941B3B}.Release|x64.Build.0 = Release|Any CPU
		{241BC6B3-5A0D-4AAB-A16E-05E828941B3B}.Release|x86.ActiveCfg = Release|Any CPU
		{241BC6B3-5A0D-4AAB-A16E-05E828941B3B}.Release|x86.Build.0 = Release|Any CPU
		{87C3CE1F-7C51-4197-B83F-C2620046FBE6}.Debug|Any CPU.ActiveCfg = Debug|Any CPU
		{87C3CE1F-7C51-4197-B83F-C2620046FBE6}.Debug|Any CPU.Build.0 = Debug|Any CPU
		{87C3CE1F-7C51-4197-B83F-C2620046FBE6}.Debug|x64.ActiveCfg = Debug|Any CPU
		{87C3CE1F-7C51-4197-B83F-C2620046FBE6}.Debug|x64.Build.0 = Debug|Any CPU
		{87C3CE1F-7C51-4197-B83F-C2620046FBE6}.Debug|x86.ActiveCfg = Debug|Any CPU
		{87C3CE1F-7C51-4197-B83F-C2620046FBE6}.Debug|x86.Build.0 = Debug|Any CPU
		{87C3CE1F-7C51-4197-B83F-C2620046FBE6}.Release|Any CPU.ActiveCfg = Release|Any CPU
		{87C3CE1F-7C51-4197-B83F-C2620046FBE6}.Release|Any CPU.Build.0 = Release|Any CPU
		{87C3CE1F-7C51-4197-B83F-C2620046FBE6}.Release|x64.ActiveCfg = Release|Any CPU
		{87C3CE1F-7C51-4197-B83F-C2620046FBE6}.Release|x64.Build.0 = Release|Any CPU
		{87C3CE1F-7C51-4197-B83F-C2620046FBE6}.Release|x86.ActiveCfg = Release|Any CPU
		{87C3CE1F-7C51-4197-B83F-C2620046FBE6}.Release|x86.Build.0 = Release|Any CPU
	EndGlobalSection
EndGlobal
